// !$*UTF8*$!
{
	archiveVersion = 1;
	classes = {
	};
	objectVersion = 51;
	objects = {

/* Begin PBXBuildFile section */
		CDF9DB1BAAC4AC9A238FE87D /* Pods_GitHubJobs.framework in Frameworks */ = {isa = PBXBuildFile; fileRef = 60285AF24E0A7BEC7C281522 /* Pods_GitHubJobs.framework */; };
		E376FBD725631A91008939DC /* PositionsListViewController.swift in Sources */ = {isa = PBXBuildFile; fileRef = E376FBD625631A91008939DC /* PositionsListViewController.swift */; };
		E379399E25618466008D30E3 /* NetworkManager.swift in Sources */ = {isa = PBXBuildFile; fileRef = E379399D25618466008D30E3 /* NetworkManager.swift */; };
		E39B3040255F4B8F00EFDE6D /* AppDelegate.swift in Sources */ = {isa = PBXBuildFile; fileRef = E39B303F255F4B8F00EFDE6D /* AppDelegate.swift */; };
		E39B3042255F4B8F00EFDE6D /* SceneDelegate.swift in Sources */ = {isa = PBXBuildFile; fileRef = E39B3041255F4B8F00EFDE6D /* SceneDelegate.swift */; };
		E39B3044255F4B8F00EFDE6D /* StartViewController.swift in Sources */ = {isa = PBXBuildFile; fileRef = E39B3043255F4B8F00EFDE6D /* StartViewController.swift */; };
		E39B3047255F4B8F00EFDE6D /* Main.storyboard in Resources */ = {isa = PBXBuildFile; fileRef = E39B3045255F4B8F00EFDE6D /* Main.storyboard */; };
		E39B3049255F4B9000EFDE6D /* Assets.xcassets in Resources */ = {isa = PBXBuildFile; fileRef = E39B3048255F4B9000EFDE6D /* Assets.xcassets */; };
		E39B304C255F4B9000EFDE6D /* LaunchScreen.storyboard in Resources */ = {isa = PBXBuildFile; fileRef = E39B304A255F4B9000EFDE6D /* LaunchScreen.storyboard */; };
		E39B3055255F502300EFDE6D /* JobPosition.swift in Sources */ = {isa = PBXBuildFile; fileRef = E39B3054255F502300EFDE6D /* JobPosition.swift */; };
		E39B3062256010D700EFDE6D /* PositionInfoViewController.swift in Sources */ = {isa = PBXBuildFile; fileRef = E39B3061256010D700EFDE6D /* PositionInfoViewController.swift */; };
/* End PBXBuildFile section */

/* Begin PBXFileReference section */
		2D554704A5F4FE20FDC489FA /* Pods-GitHubJobs.release.xcconfig */ = {isa = PBXFileReference; includeInIndex = 1; lastKnownFileType = text.xcconfig; name = "Pods-GitHubJobs.release.xcconfig"; path = "Target Support Files/Pods-GitHubJobs/Pods-GitHubJobs.release.xcconfig"; sourceTree = "<group>"; };
		60285AF24E0A7BEC7C281522 /* Pods_GitHubJobs.framework */ = {isa = PBXFileReference; explicitFileType = wrapper.framework; includeInIndex = 0; path = Pods_GitHubJobs.framework; sourceTree = BUILT_PRODUCTS_DIR; };
		7C3CFFEC802118138783E4B7 /* Pods-GitHubJobs.debug.xcconfig */ = {isa = PBXFileReference; includeInIndex = 1; lastKnownFileType = text.xcconfig; name = "Pods-GitHubJobs.debug.xcconfig"; path = "Target Support Files/Pods-GitHubJobs/Pods-GitHubJobs.debug.xcconfig"; sourceTree = "<group>"; };
		E376FBD625631A91008939DC /* PositionsListViewController.swift */ = {isa = PBXFileReference; lastKnownFileType = sourcecode.swift; path = PositionsListViewController.swift; sourceTree = "<group>"; };
		E379399D25618466008D30E3 /* NetworkManager.swift */ = {isa = PBXFileReference; lastKnownFileType = sourcecode.swift; path = NetworkManager.swift; sourceTree = "<group>"; };
		E39B303C255F4B8F00EFDE6D /* GitHubJobs.app */ = {isa = PBXFileReference; explicitFileType = wrapper.application; includeInIndex = 0; path = GitHubJobs.app; sourceTree = BUILT_PRODUCTS_DIR; };
		E39B303F255F4B8F00EFDE6D /* AppDelegate.swift */ = {isa = PBXFileReference; lastKnownFileType = sourcecode.swift; path = AppDelegate.swift; sourceTree = "<group>"; };
		E39B3041255F4B8F00EFDE6D /* SceneDelegate.swift */ = {isa = PBXFileReference; lastKnownFileType = sourcecode.swift; path = SceneDelegate.swift; sourceTree = "<group>"; };
		E39B3043255F4B8F00EFDE6D /* StartViewController.swift */ = {isa = PBXFileReference; lastKnownFileType = sourcecode.swift; path = StartViewController.swift; sourceTree = "<group>"; };
		E39B3046255F4B8F00EFDE6D /* Base */ = {isa = PBXFileReference; lastKnownFileType = file.storyboard; name = Base; path = Base.lproj/Main.storyboard; sourceTree = "<group>"; };
		E39B3048255F4B9000EFDE6D /* Assets.xcassets */ = {isa = PBXFileReference; lastKnownFileType = folder.assetcatalog; path = Assets.xcassets; sourceTree = "<group>"; };
		E39B304B255F4B9000EFDE6D /* Base */ = {isa = PBXFileReference; lastKnownFileType = file.storyboard; name = Base; path = Base.lproj/LaunchScreen.storyboard; sourceTree = "<group>"; };
		E39B304D255F4B9000EFDE6D /* Info.plist */ = {isa = PBXFileReference; lastKnownFileType = text.plist.xml; path = Info.plist; sourceTree = "<group>"; };
		E39B3054255F502300EFDE6D /* JobPosition.swift */ = {isa = PBXFileReference; lastKnownFileType = sourcecode.swift; path = JobPosition.swift; sourceTree = "<group>"; };
		E39B3061256010D700EFDE6D /* PositionInfoViewController.swift */ = {isa = PBXFileReference; lastKnownFileType = sourcecode.swift; path = PositionInfoViewController.swift; sourceTree = "<group>"; };
/* End PBXFileReference section */

/* Begin PBXFrameworksBuildPhase section */
		E39B3039255F4B8F00EFDE6D /* Frameworks */ = {
			isa = PBXFrameworksBuildPhase;
			buildActionMask = 2147483647;
			files = (
				CDF9DB1BAAC4AC9A238FE87D /* Pods_GitHubJobs.framework in Frameworks */,
			);
			runOnlyForDeploymentPostprocessing = 0;
		};
/* End PBXFrameworksBuildPhase section */

/* Begin PBXGroup section */
		167B5F731D35101E073625B8 /* Frameworks */ = {
			isa = PBXGroup;
			children = (
				60285AF24E0A7BEC7C281522 /* Pods_GitHubJobs.framework */,
			);
			name = Frameworks;
			sourceTree = "<group>";
		};
		E37939A42561B2C7008D30E3 /* ViewControllers */ = {
			isa = PBXGroup;
			children = (
				E39B3043255F4B8F00EFDE6D /* StartViewController.swift */,
				E376FBD625631A91008939DC /* PositionsListViewController.swift */,
				E39B3061256010D700EFDE6D /* PositionInfoViewController.swift */,
			);
			path = ViewControllers;
			sourceTree = "<group>";
		};
		E37939A72561B2F2008D30E3 /* Storyboards */ = {
			isa = PBXGroup;
			children = (
				E39B3045255F4B8F00EFDE6D /* Main.storyboard */,
				E39B304A255F4B9000EFDE6D /* LaunchScreen.storyboard */,
			);
			path = Storyboards;
			sourceTree = "<group>";
		};
		E39B3033255F4B8F00EFDE6D = {
			isa = PBXGroup;
			children = (
				E39B303E255F4B8F00EFDE6D /* GitHubJobs */,
				E39B303D255F4B8F00EFDE6D /* Products */,
				F78D6C66855B6778E5AC8996 /* Pods */,
				167B5F731D35101E073625B8 /* Frameworks */,
			);
			sourceTree = "<group>";
		};
		E39B303D255F4B8F00EFDE6D /* Products */ = {
			isa = PBXGroup;
			children = (
				E39B303C255F4B8F00EFDE6D /* GitHubJobs.app */,
			);
			name = Products;
			sourceTree = "<group>";
		};
		E39B303E255F4B8F00EFDE6D /* GitHubJobs */ = {
			isa = PBXGroup;
			children = (
				E37939A72561B2F2008D30E3 /* Storyboards */,
				E37939A42561B2C7008D30E3 /* ViewControllers */,
				E3F762032561B4C100A78B7C /* SupportingFiles */,
				E3F762012561B4B300A78B7C /* Managers */,
				E3F761FF2561B4A800A78B7C /* Models */,
				E3F761FE2561B49A00A78B7C /* Resources */,
			);
			path = GitHubJobs;
			sourceTree = "<group>";
		};
		E3F761FE2561B49A00A78B7C /* Resources */ = {
			isa = PBXGroup;
			children = (
				E39B3048255F4B9000EFDE6D /* Assets.xcassets */,
			);
			path = Resources;
			sourceTree = "<group>";
		};
		E3F761FF2561B4A800A78B7C /* Models */ = {
			isa = PBXGroup;
			children = (
				E39B3054255F502300EFDE6D /* JobPosition.swift */,
			);
			path = Models;
			sourceTree = "<group>";
		};
		E3F762012561B4B300A78B7C /* Managers */ = {
			isa = PBXGroup;
			children = (
				E379399D25618466008D30E3 /* NetworkManager.swift */,
			);
			path = Managers;
			sourceTree = "<group>";
		};
		E3F762032561B4C100A78B7C /* SupportingFiles */ = {
			isa = PBXGroup;
			children = (
				E39B303F255F4B8F00EFDE6D /* AppDelegate.swift */,
				E39B3041255F4B8F00EFDE6D /* SceneDelegate.swift */,
				E39B304D255F4B9000EFDE6D /* Info.plist */,
			);
			path = SupportingFiles;
			sourceTree = "<group>";
		};
		F78D6C66855B6778E5AC8996 /* Pods */ = {
			isa = PBXGroup;
			children = (
				7C3CFFEC802118138783E4B7 /* Pods-GitHubJobs.debug.xcconfig */,
				2D554704A5F4FE20FDC489FA /* Pods-GitHubJobs.release.xcconfig */,
			);
			path = Pods;
			sourceTree = "<group>";
		};
/* End PBXGroup section */

/* Begin PBXNativeTarget section */
		E39B303B255F4B8F00EFDE6D /* GitHubJobs */ = {
			isa = PBXNativeTarget;
			buildConfigurationList = E39B3050255F4B9000EFDE6D /* Build configuration list for PBXNativeTarget "GitHubJobs" */;
			buildPhases = (
				E05C8B27FA74ACC33DA4C70D /* [CP] Check Pods Manifest.lock */,
				E39B3038255F4B8F00EFDE6D /* Sources */,
				E39B3039255F4B8F00EFDE6D /* Frameworks */,
				E39B303A255F4B8F00EFDE6D /* Resources */,
				E5FFF39220628F4016E146EC /* [CP] Embed Pods Frameworks */,
			);
			buildRules = (
			);
			dependencies = (
			);
			name = GitHubJobs;
			productName = GitHubJobs;
			productReference = E39B303C255F4B8F00EFDE6D /* GitHubJobs.app */;
			productType = "com.apple.product-type.application";
		};
/* End PBXNativeTarget section */

/* Begin PBXProject section */
		E39B3034255F4B8F00EFDE6D /* Project object */ = {
			isa = PBXProject;
			attributes = {
				LastSwiftUpdateCheck = 1220;
				LastUpgradeCheck = 1220;
				TargetAttributes = {
					E39B303B255F4B8F00EFDE6D = {
						CreatedOnToolsVersion = 12.2;
					};
				};
			};
			buildConfigurationList = E39B3037255F4B8F00EFDE6D /* Build configuration list for PBXProject "GitHubJobs" */;
			compatibilityVersion = "Xcode 9.3";
			developmentRegion = en;
			hasScannedForEncodings = 0;
			knownRegions = (
				en,
				Base,
			);
			mainGroup = E39B3033255F4B8F00EFDE6D;
			productRefGroup = E39B303D255F4B8F00EFDE6D /* Products */;
			projectDirPath = "";
			projectRoot = "";
			targets = (
				E39B303B255F4B8F00EFDE6D /* GitHubJobs */,
			);
		};
/* End PBXProject section */

/* Begin PBXResourcesBuildPhase section */
		E39B303A255F4B8F00EFDE6D /* Resources */ = {
			isa = PBXResourcesBuildPhase;
			buildActionMask = 2147483647;
			files = (
				E39B304C255F4B9000EFDE6D /* LaunchScreen.storyboard in Resources */,
				E39B3049255F4B9000EFDE6D /* Assets.xcassets in Resources */,
				E39B3047255F4B8F00EFDE6D /* Main.storyboard in Resources */,
			);
			runOnlyForDeploymentPostprocessing = 0;
		};
/* End PBXResourcesBuildPhase section */

/* Begin PBXShellScriptBuildPhase section */
		E05C8B27FA74ACC33DA4C70D /* [CP] Check Pods Manifest.lock */ = {
			isa = PBXShellScriptBuildPhase;
			buildActionMask = 2147483647;
			files = (
			);
			inputFileListPaths = (
			);
			inputPaths = (
				"${PODS_PODFILE_DIR_PATH}/Podfile.lock",
				"${PODS_ROOT}/Manifest.lock",
			);
			name = "[CP] Check Pods Manifest.lock";
			outputFileListPaths = (
			);
			outputPaths = (
				"$(DERIVED_FILE_DIR)/Pods-GitHubJobs-checkManifestLockResult.txt",
			);
			runOnlyForDeploymentPostprocessing = 0;
			shellPath = /bin/sh;
			shellScript = "diff \"${PODS_PODFILE_DIR_PATH}/Podfile.lock\" \"${PODS_ROOT}/Manifest.lock\" > /dev/null\nif [ $? != 0 ] ; then\n    # print error to STDERR\n    echo \"error: The sandbox is not in sync with the Podfile.lock. Run 'pod install' or update your CocoaPods installation.\" >&2\n    exit 1\nfi\n# This output is used by Xcode 'outputs' to avoid re-running this script phase.\necho \"SUCCESS\" > \"${SCRIPT_OUTPUT_FILE_0}\"\n";
			showEnvVarsInLog = 0;
		};
		E5FFF39220628F4016E146EC /* [CP] Embed Pods Frameworks */ = {
			isa = PBXShellScriptBuildPhase;
			buildActionMask = 2147483647;
			files = (
			);
			inputFileListPaths = (
				"${PODS_ROOT}/Target Support Files/Pods-GitHubJobs/Pods-GitHubJobs-frameworks-${CONFIGURATION}-input-files.xcfilelist",
			);
			name = "[CP] Embed Pods Frameworks";
			outputFileListPaths = (
				"${PODS_ROOT}/Target Support Files/Pods-GitHubJobs/Pods-GitHubJobs-frameworks-${CONFIGURATION}-output-files.xcfilelist",
			);
			runOnlyForDeploymentPostprocessing = 0;
			shellPath = /bin/sh;
			shellScript = "\"${PODS_ROOT}/Target Support Files/Pods-GitHubJobs/Pods-GitHubJobs-frameworks.sh\"\n";
			showEnvVarsInLog = 0;
		};
/* End PBXShellScriptBuildPhase section */

/* Begin PBXSourcesBuildPhase section */
		E39B3038255F4B8F00EFDE6D /* Sources */ = {
			isa = PBXSourcesBuildPhase;
			buildActionMask = 2147483647;
			files = (
				E39B3044255F4B8F00EFDE6D /* StartViewController.swift in Sources */,
				E39B3062256010D700EFDE6D /* PositionInfoViewController.swift in Sources */,
				E39B3040255F4B8F00EFDE6D /* AppDelegate.swift in Sources */,
				E379399E25618466008D30E3 /* NetworkManager.swift in Sources */,
				E376FBD725631A91008939DC /* PositionsListViewController.swift in Sources */,
				E39B3042255F4B8F00EFDE6D /* SceneDelegate.swift in Sources */,
				E39B3055255F502300EFDE6D /* JobPosition.swift in Sources */,
			);
			runOnlyForDeploymentPostprocessing = 0;
		};
/* End PBXSourcesBuildPhase section */

/* Begin PBXVariantGroup section */
		E39B3045255F4B8F00EFDE6D /* Main.storyboard */ = {
			isa = PBXVariantGroup;
			children = (
				E39B3046255F4B8F00EFDE6D /* Base */,
			);
			name = Main.storyboard;
			sourceTree = "<group>";
		};
		E39B304A255F4B9000EFDE6D /* LaunchScreen.storyboard */ = {
			isa = PBXVariantGroup;
			children = (
				E39B304B255F4B9000EFDE6D /* Base */,
			);
			name = LaunchScreen.storyboard;
			sourceTree = "<group>";
		};
/* End PBXVariantGroup section */

/* Begin XCBuildConfiguration section */
		E39B304E255F4B9000EFDE6D /* Debug */ = {
			isa = XCBuildConfiguration;
			buildSettings = {
				ALWAYS_SEARCH_USER_PATHS = NO;
				CLANG_ANALYZER_NONNULL = YES;
				CLANG_ANALYZER_NUMBER_OBJECT_CONVERSION = YES_AGGRESSIVE;
				CLANG_CXX_LANGUAGE_STANDARD = "gnu++14";
				CLANG_CXX_LIBRARY = "libc++";
				CLANG_ENABLE_MODULES = YES;
				CLANG_ENABLE_OBJC_ARC = YES;
				CLANG_ENABLE_OBJC_WEAK = YES;
				CLANG_WARN_BLOCK_CAPTURE_AUTORELEASING = YES;
				CLANG_WARN_BOOL_CONVERSION = YES;
				CLANG_WARN_COMMA = YES;
				CLANG_WARN_CONSTANT_CONVERSION = YES;
				CLANG_WARN_DEPRECATED_OBJC_IMPLEMENTATIONS = YES;
				CLANG_WARN_DIRECT_OBJC_ISA_USAGE = YES_ERROR;
				CLANG_WARN_DOCUMENTATION_COMMENTS = YES;
				CLANG_WARN_EMPTY_BODY = YES;
				CLANG_WARN_ENUM_CONVERSION = YES;
				CLANG_WARN_INFINITE_RECURSION = YES;
				CLANG_WARN_INT_CONVERSION = YES;
				CLANG_WARN_NON_LITERAL_NULL_CONVERSION = YES;
				CLANG_WARN_OBJC_IMPLICIT_RETAIN_SELF = YES;
				CLANG_WARN_OBJC_LITERAL_CONVERSION = YES;
				CLANG_WARN_OBJC_ROOT_CLASS = YES_ERROR;
				CLANG_WARN_QUOTED_INCLUDE_IN_FRAMEWORK_HEADER = YES;
				CLANG_WARN_RANGE_LOOP_ANALYSIS = YES;
				CLANG_WARN_STRICT_PROTOTYPES = YES;
				CLANG_WARN_SUSPICIOUS_MOVE = YES;
				CLANG_WARN_UNGUARDED_AVAILABILITY = YES_AGGRESSIVE;
				CLANG_WARN_UNREACHABLE_CODE = YES;
				CLANG_WARN__DUPLICATE_METHOD_MATCH = YES;
				COPY_PHASE_STRIP = NO;
				DEBUG_INFORMATION_FORMAT = dwarf;
				ENABLE_STRICT_OBJC_MSGSEND = YES;
				ENABLE_TESTABILITY = YES;
				GCC_C_LANGUAGE_STANDARD = gnu11;
				GCC_DYNAMIC_NO_PIC = NO;
				GCC_NO_COMMON_BLOCKS = YES;
				GCC_OPTIMIZATION_LEVEL = 0;
				GCC_PREPROCESSOR_DEFINITIONS = (
					"DEBUG=1",
					"$(inherited)",
				);
				GCC_WARN_64_TO_32_BIT_CONVERSION = YES;
				GCC_WARN_ABOUT_RETURN_TYPE = YES_ERROR;
				GCC_WARN_UNDECLARED_SELECTOR = YES;
				GCC_WARN_UNINITIALIZED_AUTOS = YES_AGGRESSIVE;
				GCC_WARN_UNUSED_FUNCTION = YES;
				GCC_WARN_UNUSED_VARIABLE = YES;
				IPHONEOS_DEPLOYMENT_TARGET = 14.2;
				MTL_ENABLE_DEBUG_INFO = INCLUDE_SOURCE;
				MTL_FAST_MATH = YES;
				ONLY_ACTIVE_ARCH = YES;
				SDKROOT = iphoneos;
				SWIFT_ACTIVE_COMPILATION_CONDITIONS = DEBUG;
				SWIFT_OPTIMIZATION_LEVEL = "-Onone";
			};
			name = Debug;
		};
		E39B304F255F4B9000EFDE6D /* Release */ = {
			isa = XCBuildConfiguration;
			buildSettings = {
				ALWAYS_SEARCH_USER_PATHS = NO;
				CLANG_ANALYZER_NONNULL = YES;
				CLANG_ANALYZER_NUMBER_OBJECT_CONVERSION = YES_AGGRESSIVE;
				CLANG_CXX_LANGUAGE_STANDARD = "gnu++14";
				CLANG_CXX_LIBRARY = "libc++";
				CLANG_ENABLE_MODULES = YES;
				CLANG_ENABLE_OBJC_ARC = YES;
				CLANG_ENABLE_OBJC_WEAK = YES;
				CLANG_WARN_BLOCK_CAPTURE_AUTORELEASING = YES;
				CLANG_WARN_BOOL_CONVERSION = YES;
				CLANG_WARN_COMMA = YES;
				CLANG_WARN_CONSTANT_CONVERSION = YES;
				CLANG_WARN_DEPRECATED_OBJC_IMPLEMENTATIONS = YES;
				CLANG_WARN_DIRECT_OBJC_ISA_USAGE = YES_ERROR;
				CLANG_WARN_DOCUMENTATION_COMMENTS = YES;
				CLANG_WARN_EMPTY_BODY = YES;
				CLANG_WARN_ENUM_CONVERSION = YES;
				CLANG_WARN_INFINITE_RECURSION = YES;
				CLANG_WARN_INT_CONVERSION = YES;
				CLANG_WARN_NON_LITERAL_NULL_CONVERSION = YES;
				CLANG_WARN_OBJC_IMPLICIT_RETAIN_SELF = YES;
				CLANG_WARN_OBJC_LITERAL_CONVERSION = YES;
				CLANG_WARN_OBJC_ROOT_CLASS = YES_ERROR;
				CLANG_WARN_QUOTED_INCLUDE_IN_FRAMEWORK_HEADER = YES;
				CLANG_WARN_RANGE_LOOP_ANALYSIS = YES;
				CLANG_WARN_STRICT_PROTOTYPES = YES;
				CLANG_WARN_SUSPICIOUS_MOVE = YES;
				CLANG_WARN_UNGUARDED_AVAILABILITY = YES_AGGRESSIVE;
				CLANG_WARN_UNREACHABLE_CODE = YES;
				CLANG_WARN__DUPLICATE_METHOD_MATCH = YES;
				COPY_PHASE_STRIP = NO;
				DEBUG_INFORMATION_FORMAT = "dwarf-with-dsym";
				ENABLE_NS_ASSERTIONS = NO;
				ENABLE_STRICT_OBJC_MSGSEND = YES;
				GCC_C_LANGUAGE_STANDARD = gnu11;
				GCC_NO_COMMON_BLOCKS = YES;
				GCC_WARN_64_TO_32_BIT_CONVERSION = YES;
				GCC_WARN_ABOUT_RETURN_TYPE = YES_ERROR;
				GCC_WARN_UNDECLARED_SELECTOR = YES;
				GCC_WARN_UNINITIALIZED_AUTOS = YES_AGGRESSIVE;
				GCC_WARN_UNUSED_FUNCTION = YES;
				GCC_WARN_UNUSED_VARIABLE = YES;
				IPHONEOS_DEPLOYMENT_TARGET = 14.2;
				MTL_ENABLE_DEBUG_INFO = NO;
				MTL_FAST_MATH = YES;
				SDKROOT = iphoneos;
				SWIFT_COMPILATION_MODE = wholemodule;
				SWIFT_OPTIMIZATION_LEVEL = "-O";
				VALIDATE_PRODUCT = YES;
			};
			name = Release;
		};
		E39B3051255F4B9000EFDE6D /* Debug */ = {
			isa = XCBuildConfiguration;
			baseConfigurationReference = 7C3CFFEC802118138783E4B7 /* Pods-GitHubJobs.debug.xcconfig */;
			buildSettings = {
				ASSETCATALOG_COMPILER_APPICON_NAME = AppIcon;
				ASSETCATALOG_COMPILER_GLOBAL_ACCENT_COLOR_NAME = AccentColor;
				CODE_SIGN_STYLE = Automatic;
				INFOPLIST_FILE = GitHubJobs/SupportingFiles/Info.plist;
				LD_RUNPATH_SEARCH_PATHS = (
					"$(inherited)",
					"@executable_path/Frameworks",
				);
				PRODUCT_BUNDLE_IDENTIFIER = homework.swiftbook.GitHubJobs;
				PRODUCT_NAME = "$(TARGET_NAME)";
				SWIFT_VERSION = 5.0;
				TARGETED_DEVICE_FAMILY = 1;
			};
			name = Debug;
		};
		E39B3052255F4B9000EFDE6D /* Release */ = {
			isa = XCBuildConfiguration;
			baseConfigurationReference = 2D554704A5F4FE20FDC489FA /* Pods-GitHubJobs.release.xcconfig */;
			buildSettings = {
				ASSETCATALOG_COMPILER_APPICON_NAME = AppIcon;
				ASSETCATALOG_COMPILER_GLOBAL_ACCENT_COLOR_NAME = AccentColor;
				CODE_SIGN_STYLE = Automatic;
				INFOPLIST_FILE = GitHubJobs/SupportingFiles/Info.plist;
				LD_RUNPATH_SEARCH_PATHS = (
					"$(inherited)",
					"@executable_path/Frameworks",
				);
				PRODUCT_BUNDLE_IDENTIFIER = homework.swiftbook.GitHubJobs;
				PRODUCT_NAME = "$(TARGET_NAME)";
				SWIFT_VERSION = 5.0;
				TARGETED_DEVICE_FAMILY = 1;
			};
			name = Release;
		};
/* End XCBuildConfiguration section */

/* Begin XCConfigurationList section */
		E39B3037255F4B8F00EFDE6D /* Build configuration list for PBXProject "GitHubJobs" */ = {
			isa = XCConfigurationList;
			buildConfigurations = (
				E39B304E255F4B9000EFDE6D /* Debug */,
				E39B304F255F4B9000EFDE6D /* Release */,
			);
			defaultConfigurationIsVisible = 0;
			defaultConfigurationName = Release;
		};
		E39B3050255F4B9000EFDE6D /* Build configuration list for PBXNativeTarget "GitHubJobs" */ = {
			isa = XCConfigurationList;
			buildConfigurations = (
				E39B3051255F4B9000EFDE6D /* Debug */,
				E39B3052255F4B9000EFDE6D /* Release */,
			);
			defaultConfigurationIsVisible = 0;
			defaultConfigurationName = Release;
		};
/* End XCConfigurationList section */
	};
	rootObject = E39B3034255F4B8F00EFDE6D /* Project object */;
}
